
Microsoft Visual Studio Solution File, Format Version 12.00
# Visual Studio Version 17
VisualStudioVersion = 17.4.33103.184
MinimumVisualStudioVersion = 10.0.40219.1
Project("{FAE04EC0-301F-11D3-BF4B-00C04F79EFBC}") = "eCommerce", "eCommerce\eCommerce.csproj", "{7BDBEA85-40FD-46AF-B6DC-61F3206636CD}"
EndProject
Global
	GlobalSection(SolutionConfigurationPlatforms) = preSolution
		Debug|Any CPU = Debug|Any CPU
		Release|Any CPU = Release|Any CPU
	EndGlobalSection
	GlobalSection(ProjectConfigurationPlatforms) = postSolution
		{7BDBEA85-40FD-46AF-B6DC-61F3206636CD}.Debug|Any CPU.ActiveCfg = Debug|Any CPU
		{7BDBEA85-40FD-46AF-B6DC-61F3206636CD}.Debug|Any CPU.Build.0 = Debug|Any CPU
		{7BDBEA85-40FD-46AF-B6DC-61F3206636CD}.Release|Any CPU.ActiveCfg = Release|Any CPU
		{7BDBEA85-40FD-46AF-B6DC-61F3206636CD}.Release|Any CPU.Build.0 = Release|Any CPU
	EndGlobalSection
	GlobalSection(SolutionProperties) = preSolution
		HideSolutionNode = FALSE
	EndGlobalSection
	GlobalSection(ExtensibilityGlobals) = postSolution
		SolutionGuid = {8512CC97-E198-4BC1-849A-247B9A7A0846}
	EndGlobalSection
EndGlobal
